
Microsoft Visual Studio Solution File, Format Version 12.00
# Visual Studio Version 17
VisualStudioVersion = 17.2.32630.192
MinimumVisualStudioVersion = 10.0.40219.1
Project("{FAE04EC0-301F-11D3-BF4B-00C04F79EFBC}") = "BookingService.Api", "BookingService.Api\BookingService.Api.csproj", "{DE94FCCC-45D0-42E7-BC97-5CA88E724915}"
EndProject
Global
	GlobalSection(SolutionConfigurationPlatforms) = preSolution
		Debug|Any CPU = Debug|Any CPU
		Release|Any CPU = Release|Any CPU
	EndGlobalSection
	GlobalSection(ProjectConfigurationPlatforms) = postSolution
		{DE94FCCC-45D0-42E7-BC97-5CA88E724915}.Debug|Any CPU.ActiveCfg = Debug|Any CPU
		{DE94FCCC-45D0-42E7-BC97-5CA88E724915}.Debug|Any CPU.Build.0 = Debug|Any CPU
		{DE94FCCC-45D0-42E7-BC97-5CA88E724915}.Release|Any CPU.ActiveCfg = Release|Any CPU
		{DE94FCCC-45D0-42E7-BC97-5CA88E724915}.Release|Any CPU.Build.0 = Release|Any CPU
	EndGlobalSection
	GlobalSection(SolutionProperties) = preSolution
		HideSolutionNode = FALSE
	EndGlobalSection
	GlobalSection(ExtensibilityGlobals) = postSolution
		SolutionGuid = {EA84B58C-AE97-4A87-BD31-BCE22AB0DD2B}
	EndGlobalSection
EndGlobal
